<?xml version="1.0"?>
<CONFIG>
  <ProjectOptions>
    <PathDelim Value="/"/>
    <Version Value="6"/>
    <General>
      <MainUnit Value="0"/>
      <IconPath Value="./"/>
      <TargetFileExt Value=""/>
      <ActiveEditorIndexAtStart Value="0"/>
    </General>
    <VersionInfo>
      <ProjectVersion Value=""/>
      <Language Value=""/>
      <CharSet Value=""/>
    </VersionInfo>
    <PublishOptions>
      <Version Value="2"/>
      <IgnoreBinaries Value="False"/>
      <IncludeFileFilter Value="*.(pas|pp|inc|lfm|lpr|lrs|lpi|lpk|sh|xml)"/>
      <ExcludeFileFilter Value="*.(bak|ppu|ppw|o|so);*~;backup"/>
    </PublishOptions>
    <RunParams>
      <local>
        <FormatVersion Value="1"/>
        <LaunchingApplication PathPlusParams="/usr/X11R6/bin/xterm -T 'Lazarus Run Output' -e $(LazarusDir)/tools/runwait.sh $(TargetCmdLine)"/>
      </local>
    </RunParams>
    <Units Count="12">
      <Unit0>
        <Filename Value="satori.lpr"/>
        <IsPartOfProject Value="True"/>
        <UnitName Value="project1"/>
        <CursorPos X="1" Y="407"/>
        <TopLine Value="375"/>
        <EditorIndex Value="0"/>
        <UsageCount Value="257"/>
        <Loaded Value="True"/>
      </Unit0>
      <Unit1>
        <Filename Value="dhcpprocessor.pas"/>
        <IsPartOfProject Value="True"/>
        <UnitName Value="DHCPProcessor"/>
        <CursorPos X="60" Y="153"/>
        <TopLine Value="122"/>
        <EditorIndex Value="1"/>
        <UsageCount Value="257"/>
        <Loaded Value="True"/>
      </Unit1>
      <Unit2>
        <Filename Value="protocolheaders.pas"/>
        <IsPartOfProject Value="True"/>
        <UnitName Value="ProtocolHeaders"/>
        <CursorPos X="31" Y="11"/>
        <TopLine Value="1"/>
        <UsageCount Value="257"/>
      </Unit2>
      <Unit3>
        <Filename Value="timeconversion.pas"/>
        <IsPartOfProject Value="True"/>
        <UnitName Value="TimeConversion"/>
        <CursorPos X="3" Y="98"/>
        <TopLine Value="90"/>
        <UsageCount Value="257"/>
      </Unit3>
      <Unit4>
        <Filename Value="fingerprint_dhcp.pas"/>
        <IsPartOfProject Value="True"/>
        <UnitName Value="Fingerprint_dhcp"/>
        <CursorPos X="10" Y="24"/>
        <TopLine Value="7"/>
        <UsageCount Value="257"/>
      </Unit4>
      <Unit5>
        <Filename Value="_fingerprints_parser.pas"/>
        <IsPartOfProject Value="True"/>
        <UnitName Value="_fingerprints_parser"/>
        <CursorPos X="32" Y="33"/>
        <TopLine Value="1"/>
        <UsageCount Value="257"/>
      </Unit5>
      <Unit6>
        <Filename Value="dhcpxml.pas"/>
        <IsPartOfProject Value="True"/>
        <UnitName Value="dhcpXML"/>
        <CursorPos X="32" Y="159"/>
        <TopLine Value="1"/>
        <UsageCount Value="257"/>
      </Unit6>
      <Unit7>
        <Filename Value="xmlintf.pas"/>
        <IsPartOfProject Value="True"/>
        <UnitName Value="XMLIntf"/>
        <CursorPos X="1" Y="1"/>
        <TopLine Value="1"/>
        <UsageCount Value="257"/>
      </Unit7>
      <Unit8>
        <Filename Value="icmpprocessor.pas"/>
        <IsPartOfProject Value="True"/>
        <UnitName Value="ICMPProcessor"/>
        <CursorPos X="1" Y="44"/>
        <TopLine Value="1"/>
        <UsageCount Value="274"/>
      </Unit8>
      <Unit9>
        <Filename Value="tcpconnectionprocessor.pas"/>
        <IsPartOfProject Value="True"/>
        <UnitName Value="TCPConnectionProcessor"/>
        <CursorPos X="21" Y="179"/>
        <TopLine Value="174"/>
        <EditorIndex Value="3"/>
        <UsageCount Value="274"/>
        <Loaded Value="True"/>
      </Unit9>
      <Unit10>
        <Filename Value="fingerprint_tcp.pas"/>
        <IsPartOfProject Value="True"/>
        <UnitName Value="Fingerprint_TCP"/>
        <CursorPos X="16" Y="366"/>
        <TopLine Value="10"/>
        <EditorIndex Value="2"/>
        <UsageCount Value="274"/>
        <Loaded Value="True"/>
      </Unit10>
      <Unit11>
        <Filename Value="generaltypes.pas"/>
        <IsPartOfProject Value="True"/>
        <UnitName Value="generaltypes"/>
        <CursorPos X="1" Y="21"/>
        <TopLine Value="1"/>
        <EditorIndex Value="4"/>
        <UsageCount Value="254"/>
        <Loaded Value="True"/>
      </Unit11>
    </Units>
    <JumpHistory Count="1" HistoryIndex="0">
      <Position1>
        <Filename Value="satori.lpr"/>
        <Caret Line="407" Column="1" TopLine="375"/>
      </Position1>
    </JumpHistory>
  </ProjectOptions>
  <CompilerOptions>
    <Version Value="5"/>
    <CodeGeneration>
      <Generate Value="Faster"/>
    </CodeGeneration>
    <Other>
      <CustomOptions Value="-Xt
"/>
      <CompilerPath Value="$(CompPath)"/>
    </Other>
  </CompilerOptions>
  <Debugging>
    <Exceptions Count="2">
      <Item1>
        <Name Value="ECodetoolError"/>
      </Item1>
      <Item2>
        <Name Value="EFOpenError"/>
      </Item2>
    </Exceptions>
  </Debugging>
</CONFIG>
